
Microsoft Visual Studio Solution File, Format Version 12.00
# Visual Studio 2013
VisualStudioVersion = 12.0.40629.0
MinimumVisualStudioVersion = 10.0.40219.1
Project("{FAE04EC0-301F-11D3-BF4B-00C04F79EFBC}") = "HelloKatana", "HelloKatana\HelloKatana.csproj", "{54CC948F-B325-41CE-A949-5375191C36E7}"
EndProject
Project("{FAE04EC0-301F-11D3-BF4B-00C04F79EFBC}") = "ConsoleServer", "ConsoleServer\ConsoleServer.csproj", "{7CAD2216-439D-445B-B6B9-3895C24BD201}"
EndProject
Project("{FAE04EC0-301F-11D3-BF4B-00C04F79EFBC}") = "KatanaBelow", "KatanaBelow\KatanaBelow.csproj", "{F2DF69F1-3DC6-40D3-87ED-9EC7F1521168}"
EndProject
Project("{FAE04EC0-301F-11D3-BF4B-00C04F79EFBC}") = "KatanaPages", "KatanaPages\KatanaPages.csproj", "{940789EC-079E-4C81-9930-9AEB4C11981C}"
EndProject
Global
	GlobalSection(SolutionConfigurationPlatforms) = preSolution
		Debug|Any CPU = Debug|Any CPU
		Release|Any CPU = Release|Any CPU
	EndGlobalSection
	GlobalSection(ProjectConfigurationPlatforms) = postSolution
		{54CC948F-B325-41CE-A949-5375191C36E7}.Debug|Any CPU.ActiveCfg = Debug|Any CPU
		{54CC948F-B325-41CE-A949-5375191C36E7}.Debug|Any CPU.Build.0 = Debug|Any CPU
		{54CC948F-B325-41CE-A949-5375191C36E7}.Release|Any CPU.ActiveCfg = Release|Any CPU
		{54CC948F-B325-41CE-A949-5375191C36E7}.Release|Any CPU.Build.0 = Release|Any CPU
		{7CAD2216-439D-445B-B6B9-3895C24BD201}.Debug|Any CPU.ActiveCfg = Debug|Any CPU
		{7CAD2216-439D-445B-B6B9-3895C24BD201}.Debug|Any CPU.Build.0 = Debug|Any CPU
		{7CAD2216-439D-445B-B6B9-3895C24BD201}.Release|Any CPU.ActiveCfg = Release|Any CPU
		{7CAD2216-439D-445B-B6B9-3895C24BD201}.Release|Any CPU.Build.0 = Release|Any CPU
		{F2DF69F1-3DC6-40D3-87ED-9EC7F1521168}.Debug|Any CPU.ActiveCfg = Debug|Any CPU
		{F2DF69F1-3DC6-40D3-87ED-9EC7F1521168}.Debug|Any CPU.Build.0 = Debug|Any CPU
		{F2DF69F1-3DC6-40D3-87ED-9EC7F1521168}.Release|Any CPU.ActiveCfg = Release|Any CPU
		{F2DF69F1-3DC6-40D3-87ED-9EC7F1521168}.Release|Any CPU.Build.0 = Release|Any CPU
		{940789EC-079E-4C81-9930-9AEB4C11981C}.Debug|Any CPU.ActiveCfg = Debug|Any CPU
		{940789EC-079E-4C81-9930-9AEB4C11981C}.Debug|Any CPU.Build.0 = Debug|Any CPU
		{940789EC-079E-4C81-9930-9AEB4C11981C}.Release|Any CPU.ActiveCfg = Release|Any CPU
		{940789EC-079E-4C81-9930-9AEB4C11981C}.Release|Any CPU.Build.0 = Release|Any CPU
	EndGlobalSection
	GlobalSection(SolutionProperties) = preSolution
		HideSolutionNode = FALSE
	EndGlobalSection
EndGlobal
